// !$*UTF8*$!
{
	archiveVersion = 1;
	classes = {
	};
	objectVersion = 77;
	objects = {

/* Begin PBXContainerItemProxy section */
		2260F05A2E35DA3B00BA4CBB /* PBXContainerItemProxy */ = {
			isa = PBXContainerItemProxy;
			containerPortal = 2260F0412E35DA3B00BA4CBB /* Project object */;
			proxyType = 1;
			remoteGlobalIDString = 2260F0482E35DA3B00BA4CBB;
			remoteInfo = PaceM;
		};
		2260F0642E35DA3B00BA4CBB /* PBXContainerItemProxy */ = {
			isa = PBXContainerItemProxy;
			containerPortal = 2260F0412E35DA3B00BA4CBB /* Project object */;
			proxyType = 1;
			remoteGlobalIDString = 2260F0482E35DA3B00BA4CBB;
			remoteInfo = PaceM;
		};
/* End PBXContainerItemProxy section */

/* Begin PBXFileReference section */
		2260F0492E35DA3B00BA4CBB /* PaceM.app */ = {isa = PBXFileReference; explicitFileType = wrapper.application; includeInIndex = 0; path = PaceM.app; sourceTree = BUILT_PRODUCTS_DIR; };
		2260F0592E35DA3B00BA4CBB /* PaceMTests.xctest */ = {isa = PBXFileReference; explicitFileType = wrapper.cfbundle; includeInIndex = 0; path = PaceMTests.xctest; sourceTree = BUILT_PRODUCTS_DIR; };
		2260F0632E35DA3B00BA4CBB /* PaceMUITests.xctest */ = {isa = PBXFileReference; explicitFileType = wrapper.cfbundle; includeInIndex = 0; path = PaceMUITests.xctest; sourceTree = BUILT_PRODUCTS_DIR; };
/* End PBXFileReference section */

/* Begin PBXFileSystemSynchronizedRootGroup section */
		2260F04B2E35DA3B00BA4CBB /* PaceM */ = {
			isa = PBXFileSystemSynchronizedRootGroup;
			path = PaceM;
			sourceTree = "<group>";
		};
		2260F05C2E35DA3B00BA4CBB /* PaceMTests */ = {
			isa = PBXFileSystemSynchronizedRootGroup;
			path = PaceMTests;
			sourceTree = "<group>";
		};
		2260F0662E35DA3B00BA4CBB /* PaceMUITests */ = {
			isa = PBXFileSystemSynchronizedRootGroup;
			path = PaceMUITests;
			sourceTree = "<group>";
		};
/* End PBXFileSystemSynchronizedRootGroup section */

/* Begin PBXFrameworksBuildPhase section */
		2260F0462E35DA3B00BA4CBB /* Frameworks */ = {
			isa = PBXFrameworksBuildPhase;
			buildActionMask = 2147483647;
			files = (
			);
			runOnlyForDeploymentPostprocessing = 0;
		};
		2260F0562E35DA3B00BA4CBB /* Frameworks */ = {
			isa = PBXFrameworksBuildPhase;
			buildActionMask = 2147483647;
			files = (
			);
			runOnlyForDeploymentPostprocessing = 0;
		};
		2260F0602E35DA3B00BA4CBB /* Frameworks */ = {
			isa = PBXFrameworksBuildPhase;
			buildActionMask = 2147483647;
			files = (
			);
			runOnlyForDeploymentPostprocessing = 0;
		};
/* End PBXFrameworksBuildPhase section */

/* Begin PBXGroup section */
		2260F0402E35DA3B00BA4CBB = {
			isa = PBXGroup;
			children = (
				2260F04B2E35DA3B00BA4CBB /* PaceM */,
				2260F05C2E35DA3B00BA4CBB /* PaceMTests */,
				2260F0662E35DA3B00BA4CBB /* PaceMUITests */,
				2260F04A2E35DA3B00BA4CBB /* Products */,
			);
			sourceTree = "<group>";
		};
		2260F04A2E35DA3B00BA4CBB /* Products */ = {
			isa = PBXGroup;
			children = (
				2260F0492E35DA3B00BA4CBB /* PaceM.app */,
				2260F0592E35DA3B00BA4CBB /* PaceMTests.xctest */,
				2260F0632E35DA3B00BA4CBB /* PaceMUITests.xctest */,
			);
			name = Products;
			sourceTree = "<group>";
		};
/* End PBXGroup section */

/* Begin PBXNativeTarget section */
		2260F0482E35DA3B00BA4CBB /* PaceM */ = {
			isa = PBXNativeTarget;
			buildConfigurationList = 2260F06D2E35DA3B00BA4CBB /* Build configuration list for PBXNativeTarget "PaceM" */;
			buildPhases = (
				2260F0452E35DA3B00BA4CBB /* Sources */,
				2260F0462E35DA3B00BA4CBB /* Frameworks */,
				2260F0472E35DA3B00BA4CBB /* Resources */,
			);
			buildRules = (
			);
			dependencies = (
			);
			fileSystemSynchronizedGroups = (
				2260F04B2E35DA3B00BA4CBB /* PaceM */,
			);
			name = PaceM;
			packageProductDependencies = (
			);
			productName = PaceM;
			productReference = 2260F0492E35DA3B00BA4CBB /* PaceM.app */;
			productType = "com.apple.product-type.application";
		};
		2260F0582E35DA3B00BA4CBB /* PaceMTests */ = {
			isa = PBXNativeTarget;
			buildConfigurationList = 2260F0702E35DA3B00BA4CBB /* Build configuration list for PBXNativeTarget "PaceMTests" */;
			buildPhases = (
				2260F0552E35DA3B00BA4CBB /* Sources */,
				2260F0562E35DA3B00BA4CBB /* Frameworks */,
				2260F0572E35DA3B00BA4CBB /* Resources */,
			);
			buildRules = (
			);
			dependencies = (
				2260F05B2E35DA3B00BA4CBB /* PBXTargetDependency */,
			);
			fileSystemSynchronizedGroups = (
				2260F05C2E35DA3B00BA4CBB /* PaceMTests */,
			);
			name = PaceMTests;
			packageProductDependencies = (
			);
			productName = PaceMTests;
			productReference = 2260F0592E35DA3B00BA4CBB /* PaceMTests.xctest */;
			productType = "com.apple.product-type.bundle.unit-test";
		};
		2260F0622E35DA3B00BA4CBB /* PaceMUITests */ = {
			isa = PBXNativeTarget;
			buildConfigurationList = 2260F0732E35DA3B00BA4CBB /* Build configuration list for PBXNativeTarget "PaceMUITests" */;
			buildPhases = (
				2260F05F2E35DA3B00BA4CBB /* Sources */,
				2260F0602E35DA3B00BA4CBB /* Frameworks */,
				2260F0612E35DA3B00BA4CBB /* Resources */,
			);
			buildRules = (
			);
			dependencies = (
				2260F0652E35DA3B00BA4CBB /* PBXTargetDependency */,
			);
			fileSystemSynchronizedGroups = (
				2260F0662E35DA3B00BA4CBB /* PaceMUITests */,
			);
			name = PaceMUITests;
			packageProductDependencies = (
			);
			productName = PaceMUITests;
			productReference = 2260F0632E35DA3B00BA4CBB /* PaceMUITests.xctest */;
			productType = "com.apple.product-type.bundle.ui-testing";
		};
/* End PBXNativeTarget section */

/* Begin PBXProject section */
		2260F0412E35DA3B00BA4CBB /* Project object */ = {
			isa = PBXProject;
			attributes = {
				BuildIndependentTargetsInParallel = 1;
				LastSwiftUpdateCheck = 1620;
				LastUpgradeCheck = 1620;
				TargetAttributes = {
					2260F0482E35DA3B00BA4CBB = {
						CreatedOnToolsVersion = 16.2;
					};
					2260F0582E35DA3B00BA4CBB = {
						CreatedOnToolsVersion = 16.2;
						TestTargetID = 2260F0482E35DA3B00BA4CBB;
					};
					2260F0622E35DA3B00BA4CBB = {
						CreatedOnToolsVersion = 16.2;
						TestTargetID = 2260F0482E35DA3B00BA4CBB;
					};
				};
			};
			buildConfigurationList = 2260F0442E35DA3B00BA4CBB /* Build configuration list for PBXProject "PaceM" */;
			developmentRegion = en;
			hasScannedForEncodings = 0;
			knownRegions = (
				en,
				Base,
			);
			mainGroup = 2260F0402E35DA3B00BA4CBB;
			minimizedProjectReferenceProxies = 1;
			preferredProjectObjectVersion = 77;
			productRefGroup = 2260F04A2E35DA3B00BA4CBB /* Products */;
			projectDirPath = "";
			projectRoot = "";
			targets = (
				2260F0482E35DA3B00BA4CBB /* PaceM */,
				2260F0582E35DA3B00BA4CBB /* PaceMTests */,
				2260F0622E35DA3B00BA4CBB /* PaceMUITests */,
			);
		};
/* End PBXProject section */

/* Begin PBXResourcesBuildPhase section */
		2260F0472E35DA3B00BA4CBB /* Resources */ = {
			isa = PBXResourcesBuildPhase;
			buildActionMask = 2147483647;
			files = (
			);
			runOnlyForDeploymentPostprocessing = 0;
		};
		2260F0572E35DA3B00BA4CBB /* Resources */ = {
			isa = PBXResourcesBuildPhase;
			buildActionMask = 2147483647;
			files = (
			);
			runOnlyForDeploymentPostprocessing = 0;
		};
		2260F0612E35DA3B00BA4CBB /* Resources */ = {
			isa = PBXResourcesBuildPhase;
			buildActionMask = 2147483647;
			files = (
			);
			runOnlyForDeploymentPostprocessing = 0;
		};
/* End PBXResourcesBuildPhase section */

/* Begin PBXSourcesBuildPhase section */
		2260F0452E35DA3B00BA4CBB /* Sources */ = {
			isa = PBXSourcesBuildPhase;
			buildActionMask = 2147483647;
			files = (
			);
			runOnlyForDeploymentPostprocessing = 0;
		};
		2260F0552E35DA3B00BA4CBB /* Sources */ = {
			isa = PBXSourcesBuildPhase;
			buildActionMask = 2147483647;
			files = (
			);
			runOnlyForDeploymentPostprocessing = 0;
		};
		2260F05F2E35DA3B00BA4CBB /* Sources */ = {
			isa = PBXSourcesBuildPhase;
			buildActionMask = 2147483647;
			files = (
			);
			runOnlyForDeploymentPostprocessing = 0;
		};
/* End PBXSourcesBuildPhase section */

/* Begin PBXTargetDependency section */
		2260F05B2E35DA3B00BA4CBB /* PBXTargetDependency */ = {
			isa = PBXTargetDependency;
			target = 2260F0482E35DA3B00BA4CBB /* PaceM */;
			targetProxy = 2260F05A2E35DA3B00BA4CBB /* PBXContainerItemProxy */;
		};
		2260F0652E35DA3B00BA4CBB /* PBXTargetDependency */ = {
			isa = PBXTargetDependency;
			target = 2260F0482E35DA3B00BA4CBB /* PaceM */;
			targetProxy = 2260F0642E35DA3B00BA4CBB /* PBXContainerItemProxy */;
		};
/* End PBXTargetDependency section */

/* Begin XCBuildConfiguration section */
		2260F06B2E35DA3B00BA4CBB /* Debug */ = {
			isa = XCBuildConfiguration;
			buildSettings = {
				ALWAYS_SEARCH_USER_PATHS = NO;
				ASSETCATALOG_COMPILER_GENERATE_SWIFT_ASSET_SYMBOL_EXTENSIONS = YES;
				CLANG_ANALYZER_NONNULL = YES;
				CLANG_ANALYZER_NUMBER_OBJECT_CONVERSION = YES_AGGRESSIVE;
				CLANG_CXX_LANGUAGE_STANDARD = "gnu++20";
				CLANG_ENABLE_MODULES = YES;
				CLANG_ENABLE_OBJC_ARC = YES;
				CLANG_ENABLE_OBJC_WEAK = YES;
				CLANG_WARN_BLOCK_CAPTURE_AUTORELEASING = YES;
				CLANG_WARN_BOOL_CONVERSION = YES;
				CLANG_WARN_COMMA = YES;
				CLANG_WARN_CONSTANT_CONVERSION = YES;
				CLANG_WARN_DEPRECATED_OBJC_IMPLEMENTATIONS = YES;
				CLANG_WARN_DIRECT_OBJC_ISA_USAGE = YES_ERROR;
				CLANG_WARN_DOCUMENTATION_COMMENTS = YES;
				CLANG_WARN_EMPTY_BODY = YES;
				CLANG_WARN_ENUM_CONVERSION = YES;
				CLANG_WARN_INFINITE_RECURSION = YES;
				CLANG_WARN_INT_CONVERSION = YES;
				CLANG_WARN_NON_LITERAL_NULL_CONVERSION = YES;
				CLANG_WARN_OBJC_IMPLICIT_RETAIN_SELF = YES;
				CLANG_WARN_OBJC_LITERAL_CONVERSION = YES;
				CLANG_WARN_OBJC_ROOT_CLASS = YES_ERROR;
				CLANG_WARN_QUOTED_INCLUDE_IN_FRAMEWORK_HEADER = YES;
				CLANG_WARN_RANGE_LOOP_ANALYSIS = YES;
				CLANG_WARN_STRICT_PROTOTYPES = YES;
				CLANG_WARN_SUSPICIOUS_MOVE = YES;
				CLANG_WARN_UNGUARDED_AVAILABILITY = YES_AGGRESSIVE;
				CLANG_WARN_UNREACHABLE_CODE = YES;
				CLANG_WARN__DUPLICATE_METHOD_MATCH = YES;
				COPY_PHASE_STRIP = NO;
				DEBUG_INFORMATION_FORMAT = dwarf;
				ENABLE_STRICT_OBJC_MSGSEND = YES;
				ENABLE_TESTABILITY = YES;
				ENABLE_USER_SCRIPT_SANDBOXING = YES;
				GCC_C_LANGUAGE_STANDARD = gnu17;
				GCC_DYNAMIC_NO_PIC = NO;
				GCC_NO_COMMON_BLOCKS = YES;
				GCC_OPTIMIZATION_LEVEL = 0;
				GCC_PREPROCESSOR_DEFINITIONS = (
					"DEBUG=1",
					"$(inherited)",
				);
				GCC_WARN_64_TO_32_BIT_CONVERSION = YES;
				GCC_WARN_ABOUT_RETURN_TYPE = YES_ERROR;
				GCC_WARN_UNDECLARED_SELECTOR = YES;
				GCC_WARN_UNINITIALIZED_AUTOS = YES_AGGRESSIVE;
				GCC_WARN_UNUSED_FUNCTION = YES;
				GCC_WARN_UNUSED_VARIABLE = YES;
				IPHONEOS_DEPLOYMENT_TARGET = 18.2;
				LOCALIZATION_PREFERS_STRING_CATALOGS = YES;
				MTL_ENABLE_DEBUG_INFO = INCLUDE_SOURCE;
				MTL_FAST_MATH = YES;
				ONLY_ACTIVE_ARCH = YES;
				SDKROOT = iphoneos;
				SWIFT_ACTIVE_COMPILATION_CONDITIONS = "DEBUG $(inherited)";
				SWIFT_OPTIMIZATION_LEVEL = "-Onone";
			};
			name = Debug;
		};
		2260F06C2E35DA3B00BA4CBB /* Release */ = {
			isa = XCBuildConfiguration;
			buildSettings = {
				ALWAYS_SEARCH_USER_PATHS = NO;
				ASSETCATALOG_COMPILER_GENERATE_SWIFT_ASSET_SYMBOL_EXTENSIONS = YES;
				CLANG_ANALYZER_NONNULL = YES;
				CLANG_ANALYZER_NUMBER_OBJECT_CONVERSION = YES_AGGRESSIVE;
				CLANG_CXX_LANGUAGE_STANDARD = "gnu++20";
				CLANG_ENABLE_MODULES = YES;
				CLANG_ENABLE_OBJC_ARC = YES;
				CLANG_ENABLE_OBJC_WEAK = YES;
				CLANG_WARN_BLOCK_CAPTURE_AUTORELEASING = YES;
				CLANG_WARN_BOOL_CONVERSION = YES;
				CLANG_WARN_COMMA = YES;
				CLANG_WARN_CONSTANT_CONVERSION = YES;
				CLANG_WARN_DEPRECATED_OBJC_IMPLEMENTATIONS = YES;
				CLANG_WARN_DIRECT_OBJC_ISA_USAGE = YES_ERROR;
				CLANG_WARN_DOCUMENTATION_COMMENTS = YES;
				CLANG_WARN_EMPTY_BODY = YES;
				CLANG_WARN_ENUM_CONVERSION = YES;
				CLANG_WARN_INFINITE_RECURSION = YES;
				CLANG_WARN_INT_CONVERSION = YES;
				CLANG_WARN_NON_LITERAL_NULL_CONVERSION = YES;
				CLANG_WARN_OBJC_IMPLICIT_RETAIN_SELF = YES;
				CLANG_WARN_OBJC_LITERAL_CONVERSION = YES;
				CLANG_WARN_OBJC_ROOT_CLASS = YES_ERROR;
				CLANG_WARN_QUOTED_INCLUDE_IN_FRAMEWORK_HEADER = YES;
				CLANG_WARN_RANGE_LOOP_ANALYSIS = YES;
				CLANG_WARN_STRICT_PROTOTYPES = YES;
				CLANG_WARN_SUSPICIOUS_MOVE = YES;
				CLANG_WARN_UNGUARDED_AVAILABILITY = YES_AGGRESSIVE;
				CLANG_WARN_UNREACHABLE_CODE = YES;
				CLANG_WARN__DUPLICATE_METHOD_MATCH = YES;
				COPY_PHASE_STRIP = NO;
				DEBUG_INFORMATION_FORMAT = "dwarf-with-dsym";
				ENABLE_NS_ASSERTIONS = NO;
				ENABLE_STRICT_OBJC_MSGSEND = YES;
				ENABLE_USER_SCRIPT_SANDBOXING = YES;
				GCC_C_LANGUAGE_STANDARD = gnu17;
				GCC_NO_COMMON_BLOCKS = YES;
				GCC_WARN_64_TO_32_BIT_CONVERSION = YES;
				GCC_WARN_ABOUT_RETURN_TYPE = YES_ERROR;
				GCC_WARN_UNDECLARED_SELECTOR = YES;
				GCC_WARN_UNINITIALIZED_AUTOS = YES_AGGRESSIVE;
				GCC_WARN_UNUSED_FUNCTION = YES;
				GCC_WARN_UNUSED_VARIABLE = YES;
				IPHONEOS_DEPLOYMENT_TARGET = 18.2;
				LOCALIZATION_PREFERS_STRING_CATALOGS = YES;
				MTL_ENABLE_DEBUG_INFO = NO;
				MTL_FAST_MATH = YES;
				SDKROOT = iphoneos;
				SWIFT_COMPILATION_MODE = wholemodule;
				VALIDATE_PRODUCT = YES;
			};
			name = Release;
		};
		2260F06E2E35DA3B00BA4CBB /* Debug */ = {
			isa = XCBuildConfiguration;
			buildSettings = {
				ASSETCATALOG_COMPILER_APPICON_NAME = AppIcon;
				ASSETCATALOG_COMPILER_GLOBAL_ACCENT_COLOR_NAME = AccentColor;
				CODE_SIGN_STYLE = Automatic;
				CURRENT_PROJECT_VERSION = 1;
				DEVELOPMENT_ASSET_PATHS = "\"PaceM/Preview Content\"";
				ENABLE_PREVIEWS = YES;
				GENERATE_INFOPLIST_FILE = YES;
				INFOPLIST_KEY_UIApplicationSceneManifest_Generation = YES;
				INFOPLIST_KEY_UIApplicationSupportsIndirectInputEvents = YES;
				INFOPLIST_KEY_UILaunchScreen_Generation = YES;
				INFOPLIST_KEY_UISupportedInterfaceOrientations_iPad = "UIInterfaceOrientationPortrait UIInterfaceOrientationPortraitUpsideDown UIInterfaceOrientationLandscapeLeft UIInterfaceOrientationLandscapeRight";
				INFOPLIST_KEY_UISupportedInterfaceOrientations_iPhone = "UIInterfaceOrientationPortrait UIInterfaceOrientationLandscapeLeft UIInterfaceOrientationLandscapeRight";
				LD_RUNPATH_SEARCH_PATHS = (
					"$(inherited)",
					"@executable_path/Frameworks",
				);
				MARKETING_VERSION = 1.0;
				PRODUCT_BUNDLE_IDENTIFIER = rallin.PaceM;
				PRODUCT_NAME = "$(TARGET_NAME)";
				SWIFT_EMIT_LOC_STRINGS = YES;
				SWIFT_VERSION = 5.0;
				TARGETED_DEVICE_FAMILY = "1,2";
			};
			name = Debug;
		};
		2260F06F2E35DA3B00BA4CBB /* Release */ = {
			isa = XCBuildConfiguration;
			buildSettings = {
				ASSETCATALOG_COMPILER_APPICON_NAME = AppIcon;
				ASSETCATALOG_COMPILER_GLOBAL_ACCENT_COLOR_NAME = AccentColor;
				CODE_SIGN_STYLE = Automatic;
				CURRENT_PROJECT_VERSION = 1;
				DEVELOPMENT_ASSET_PATHS = "\"PaceM/Preview Content\"";
				ENABLE_PREVIEWS = YES;
				GENERATE_INFOPLIST_FILE = YES;
				INFOPLIST_KEY_UIApplicationSceneManifest_Generation = YES;
				INFOPLIST_KEY_UIApplicationSupportsIndirectInputEvents = YES;
				INFOPLIST_KEY_UILaunchScreen_Generation = YES;
				INFOPLIST_KEY_UISupportedInterfaceOrientations_iPad = "UIInterfaceOrientationPortrait UIInterfaceOrientationPortraitUpsideDown UIInterfaceOrientationLandscapeLeft UIInterfaceOrientationLandscapeRight";
				INFOPLIST_KEY_UISupportedInterfaceOrientations_iPhone = "UIInterfaceOrientationPortrait UIInterfaceOrientationLandscapeLeft UIInterfaceOrientationLandscapeRight";
				LD_RUNPATH_SEARCH_PATHS = (
					"$(inherited)",
					"@executable_path/Frameworks",
				);
				MARKETING_VERSION = 1.0;
				PRODUCT_BUNDLE_IDENTIFIER = rallin.PaceM;
				PRODUCT_NAME = "$(TARGET_NAME)";
				SWIFT_EMIT_LOC_STRINGS = YES;
				SWIFT_VERSION = 5.0;
				TARGETED_DEVICE_FAMILY = "1,2";
			};
			name = Release;
		};
		2260F0712E35DA3B00BA4CBB /* Debug */ = {
			isa = XCBuildConfiguration;
			buildSettings = {
				BUNDLE_LOADER = "$(TEST_HOST)";
				CODE_SIGN_STYLE = Automatic;
				CURRENT_PROJECT_VERSION = 1;
				GENERATE_INFOPLIST_FILE = YES;
				IPHONEOS_DEPLOYMENT_TARGET = 18.2;
				MARKETING_VERSION = 1.0;
				PRODUCT_BUNDLE_IDENTIFIER = rallin.PaceMTests;
				PRODUCT_NAME = "$(TARGET_NAME)";
				SWIFT_EMIT_LOC_STRINGS = NO;
				SWIFT_VERSION = 5.0;
				TARGETED_DEVICE_FAMILY = "1,2";
				TEST_HOST = "$(BUILT_PRODUCTS_DIR)/PaceM.app/$(BUNDLE_EXECUTABLE_FOLDER_PATH)/PaceM";
			};
			name = Debug;
		};
		2260F0722E35DA3B00BA4CBB /* Release */ = {
			isa = XCBuildConfiguration;
			buildSettings = {
				BUNDLE_LOADER = "$(TEST_HOST)";
				CODE_SIGN_STYLE = Automatic;
				CURRENT_PROJECT_VERSION = 1;
				GENERATE_INFOPLIST_FILE = YES;
				IPHONEOS_DEPLOYMENT_TARGET = 18.2;
				MARKETING_VERSION = 1.0;
				PRODUCT_BUNDLE_IDENTIFIER = rallin.PaceMTests;
				PRODUCT_NAME = "$(TARGET_NAME)";
				SWIFT_EMIT_LOC_STRINGS = NO;
				SWIFT_VERSION = 5.0;
				TARGETED_DEVICE_FAMILY = "1,2";
				TEST_HOST = "$(BUILT_PRODUCTS_DIR)/PaceM.app/$(BUNDLE_EXECUTABLE_FOLDER_PATH)/PaceM";
			};
			name = Release;
		};
		2260F0742E35DA3B00BA4CBB /* Debug */ = {
			isa = XCBuildConfiguration;
			buildSettings = {
				CODE_SIGN_STYLE = Automatic;
				CURRENT_PROJECT_VERSION = 1;
				GENERATE_INFOPLIST_FILE = YES;
				MARKETING_VERSION = 1.0;
				PRODUCT_BUNDLE_IDENTIFIER = rallin.PaceMUITests;
				PRODUCT_NAME = "$(TARGET_NAME)";
				SWIFT_EMIT_LOC_STRINGS = NO;
				SWIFT_VERSION = 5.0;
				TARGETED_DEVICE_FAMILY = "1,2";
				TEST_TARGET_NAME = PaceM;
			};
			name = Debug;
		};
		2260F0752E35DA3B00BA4CBB /* Release */ = {
			isa = XCBuildConfiguration;
			buildSettings = {
				CODE_SIGN_STYLE = Automatic;
				CURRENT_PROJECT_VERSION = 1;
				GENERATE_INFOPLIST_FILE = YES;
				MARKETING_VERSION = 1.0;
				PRODUCT_BUNDLE_IDENTIFIER = rallin.PaceMUITests;
				PRODUCT_NAME = "$(TARGET_NAME)";
				SWIFT_EMIT_LOC_STRINGS = NO;
				SWIFT_VERSION = 5.0;
				TARGETED_DEVICE_FAMILY = "1,2";
				TEST_TARGET_NAME = PaceM;
			};
			name = Release;
		};
/* End XCBuildConfiguration section */

/* Begin XCConfigurationList section */
		2260F0442E35DA3B00BA4CBB /* Build configuration list for PBXProject "PaceM" */ = {
			isa = XCConfigurationList;
			buildConfigurations = (
				2260F06B2E35DA3B00BA4CBB /* Debug */,
				2260F06C2E35DA3B00BA4CBB /* Release */,
			);
			defaultConfigurationIsVisible = 0;
			defaultConfigurationName = Release;
		};
		2260F06D2E35DA3B00BA4CBB /* Build configuration list for PBXNativeTarget "PaceM" */ = {
			isa = XCConfigurationList;
			buildConfigurations = (
				2260F06E2E35DA3B00BA4CBB /* Debug */,
				2260F06F2E35DA3B00BA4CBB /* Release */,
			);
			defaultConfigurationIsVisible = 0;
			defaultConfigurationName = Release;
		};
		2260F0702E35DA3B00BA4CBB /* Build configuration list for PBXNativeTarget "PaceMTests" */ = {
			isa = XCConfigurationList;
			buildConfigurations = (
				2260F0712E35DA3B00BA4CBB /* Debug */,
				2260F0722E35DA3B00BA4CBB /* Release */,
			);
			defaultConfigurationIsVisible = 0;
			defaultConfigurationName = Release;
		};
		2260F0732E35DA3B00BA4CBB /* Build configuration list for PBXNativeTarget "PaceMUITests" */ = {
			isa = XCConfigurationList;
			buildConfigurations = (
				2260F0742E35DA3B00BA4CBB /* Debug */,
				2260F0752E35DA3B00BA4CBB /* Release */,
			);
			defaultConfigurationIsVisible = 0;
			defaultConfigurationName = Release;
		};
/* End XCConfigurationList section */
	};
	rootObject = 2260F0412E35DA3B00BA4CBB /* Project object */;
}
